
Microsoft Visual Studio Solution File, Format Version 12.00
# Visual Studio Version 16
VisualStudioVersion = 16.0.33214.272
MinimumVisualStudioVersion = 10.0.40219.1
Project("{FAE04EC0-301F-11D3-BF4B-00C04F79EFBC}") = "AdapterPractice", "AdapterPractice.csproj", "{F2874B5E-9C3C-40F6-AE2B-FF8ACC011B61}"
EndProject
Global
	GlobalSection(SolutionConfigurationPlatforms) = preSolution
		Debug|Any CPU = Debug|Any CPU
		Release|Any CPU = Release|Any CPU
	EndGlobalSection
	GlobalSection(ProjectConfigurationPlatforms) = postSolution
		{F2874B5E-9C3C-40F6-AE2B-FF8ACC011B61}.Debug|Any CPU.ActiveCfg = Debug|Any CPU
		{F2874B5E-9C3C-40F6-AE2B-FF8ACC011B61}.Debug|Any CPU.Build.0 = Debug|Any CPU
		{F2874B5E-9C3C-40F6-AE2B-FF8ACC011B61}.Release|Any CPU.ActiveCfg = Release|Any CPU
		{F2874B5E-9C3C-40F6-AE2B-FF8ACC011B61}.Release|Any CPU.Build.0 = Release|Any CPU
	EndGlobalSection
	GlobalSection(SolutionProperties) = preSolution
		HideSolutionNode = FALSE
	EndGlobalSection
	GlobalSection(ExtensibilityGlobals) = postSolution
		SolutionGuid = {E5443814-1E19-4BD4-8E44-15E36E5EA8ED}
	EndGlobalSection
EndGlobal
